
Microsoft Visual Studio Solution File, Format Version 12.00
# Visual Studio Version 17
VisualStudioVersion = 17.1.32407.343
MinimumVisualStudioVersion = 10.0.40219.1
Project("{9A19103F-16F7-4668-BE54-9A1E7A4F7556}") = "Bridgestars", "Bridgestars\Bridgestars.csproj", "{EEB269F7-9CA2-4740-9931-3B431347C730}"
EndProject
Project("{2150E333-8FDC-42A3-9474-1A3956D46DE8}") = "Solution Items", "Solution Items", "{2C82DA02-ABE0-4EC0-BE17-0EB81723D4B4}"
	ProjectSection(SolutionItems) = preProject
		.editorconfig = .editorconfig
	EndProjectSection
EndProject
Project("{9A19103F-16F7-4668-BE54-9A1E7A4F7556}") = "Test", "Test\Test.csproj", "{761829B6-91FE-4A0F-ADD0-16041AEBB4D6}"
EndProject
Global
	GlobalSection(SolutionConfigurationPlatforms) = preSolution
		Debug|Any CPU = Debug|Any CPU
		Release|Any CPU = Release|Any CPU
	EndGlobalSection
	GlobalSection(ProjectConfigurationPlatforms) = postSolution
		{EEB269F7-9CA2-4740-9931-3B431347C730}.Debug|Any CPU.ActiveCfg = Debug|Any CPU
		{EEB269F7-9CA2-4740-9931-3B431347C730}.Debug|Any CPU.Build.0 = Debug|Any CPU
		{EEB269F7-9CA2-4740-9931-3B431347C730}.Release|Any CPU.ActiveCfg = Release|Any CPU
		{EEB269F7-9CA2-4740-9931-3B431347C730}.Release|Any CPU.Build.0 = Release|Any CPU
		{761829B6-91FE-4A0F-ADD0-16041AEBB4D6}.Debug|Any CPU.ActiveCfg = Debug|Any CPU
		{761829B6-91FE-4A0F-ADD0-16041AEBB4D6}.Debug|Any CPU.Build.0 = Debug|Any CPU
		{761829B6-91FE-4A0F-ADD0-16041AEBB4D6}.Release|Any CPU.ActiveCfg = Release|Any CPU
		{761829B6-91FE-4A0F-ADD0-16041AEBB4D6}.Release|Any CPU.Build.0 = Release|Any CPU
	EndGlobalSection
	GlobalSection(SolutionProperties) = preSolution
		HideSolutionNode = FALSE
	EndGlobalSection
	GlobalSection(ExtensibilityGlobals) = postSolution
		SolutionGuid = {FB5CA7EE-AB23-49FE-A49C-3701B1322EAD}
	EndGlobalSection
EndGlobal
